// !$*UTF8*$!
{
	archiveVersion = 1;
	classes = {
	};
	objectVersion = 56;
	objects = {

/* Begin PBXBuildFile section */
		3F31F9412B76337000DCBFAD /* UserView.swift in Sources */ = {isa = PBXBuildFile; fileRef = 3F31F9402B76337000DCBFAD /* UserView.swift */; };
		3F31F9432B76343F00DCBFAD /* HomeView.swift in Sources */ = {isa = PBXBuildFile; fileRef = 3F31F9422B76343F00DCBFAD /* HomeView.swift */; };
		3F31F9452B76510B00DCBFAD /* ChangePassView.swift in Sources */ = {isa = PBXBuildFile; fileRef = 3F31F9442B76510B00DCBFAD /* ChangePassView.swift */; };
		3F31F9472B7667AF00DCBFAD /* DailyQuizView.swift in Sources */ = {isa = PBXBuildFile; fileRef = 3F31F9462B7667AF00DCBFAD /* DailyQuizView.swift */; };
		3F31F9492B7669D500DCBFAD /* QuestionView.swift in Sources */ = {isa = PBXBuildFile; fileRef = 3F31F9482B7669D400DCBFAD /* QuestionView.swift */; };
		3F31F94D2B766A4B00DCBFAD /* ResultView.swift in Sources */ = {isa = PBXBuildFile; fileRef = 3F31F94C2B766A4B00DCBFAD /* ResultView.swift */; };
		3F31F94F2B766AF500DCBFAD /* Question.swift in Sources */ = {isa = PBXBuildFile; fileRef = 3F31F94E2B766AF500DCBFAD /* Question.swift */; };
		3F31F9512B76726600DCBFAD /* DQ2View.swift in Sources */ = {isa = PBXBuildFile; fileRef = 3F31F9502B76726600DCBFAD /* DQ2View.swift */; };
		3F31F9532B76727200DCBFAD /* DQ3View.swift in Sources */ = {isa = PBXBuildFile; fileRef = 3F31F9522B76727200DCBFAD /* DQ3View.swift */; };
		3F31F9552B76728500DCBFAD /* DQ4View.swift in Sources */ = {isa = PBXBuildFile; fileRef = 3F31F9542B76728400DCBFAD /* DQ4View.swift */; };
		3F31F9572B76729100DCBFAD /* DQ5View.swift in Sources */ = {isa = PBXBuildFile; fileRef = 3F31F9562B76729100DCBFAD /* DQ5View.swift */; };
		3F45B8662B67A4F9001D5A01 /* SignInView.swift in Sources */ = {isa = PBXBuildFile; fileRef = 3F45B8652B67A4F9001D5A01 /* SignInView.swift */; };
		3F45B8682B67A512001D5A01 /* SignUpView.swift in Sources */ = {isa = PBXBuildFile; fileRef = 3F45B8672B67A512001D5A01 /* SignUpView.swift */; };
		3F45B86A2B67B8E4001D5A01 /* MainView.swift in Sources */ = {isa = PBXBuildFile; fileRef = 3F45B8692B67B8E4001D5A01 /* MainView.swift */; };
		3F45B86D2B67C022001D5A01 /* FirebaseAnalytics in Frameworks */ = {isa = PBXBuildFile; productRef = 3F45B86C2B67C022001D5A01 /* FirebaseAnalytics */; };
		3F45B86F2B67C022001D5A01 /* FirebaseAnalyticsOnDeviceConversion in Frameworks */ = {isa = PBXBuildFile; productRef = 3F45B86E2B67C022001D5A01 /* FirebaseAnalyticsOnDeviceConversion */; };
		3F45B8712B67C022001D5A01 /* FirebaseAnalyticsSwift in Frameworks */ = {isa = PBXBuildFile; productRef = 3F45B8702B67C022001D5A01 /* FirebaseAnalyticsSwift */; };
		3F45B8732B67C022001D5A01 /* FirebaseAnalyticsWithoutAdIdSupport in Frameworks */ = {isa = PBXBuildFile; productRef = 3F45B8722B67C022001D5A01 /* FirebaseAnalyticsWithoutAdIdSupport */; };
		3F45B8752B67C022001D5A01 /* FirebaseAppCheck in Frameworks */ = {isa = PBXBuildFile; productRef = 3F45B8742B67C022001D5A01 /* FirebaseAppCheck */; };
		3F45B8772B67C022001D5A01 /* FirebaseAppDistribution-Beta in Frameworks */ = {isa = PBXBuildFile; productRef = 3F45B8762B67C022001D5A01 /* FirebaseAppDistribution-Beta */; };
		3F45B8792B67C022001D5A01 /* FirebaseAuth in Frameworks */ = {isa = PBXBuildFile; productRef = 3F45B8782B67C022001D5A01 /* FirebaseAuth */; };
		3F45B87B2B67C022001D5A01 /* FirebaseAuthCombine-Community in Frameworks */ = {isa = PBXBuildFile; productRef = 3F45B87A2B67C022001D5A01 /* FirebaseAuthCombine-Community */; };
		3F45B87D2B67C022001D5A01 /* FirebaseCrashlytics in Frameworks */ = {isa = PBXBuildFile; productRef = 3F45B87C2B67C022001D5A01 /* FirebaseCrashlytics */; };
		3F45B87F2B67C022001D5A01 /* FirebaseDatabase in Frameworks */ = {isa = PBXBuildFile; productRef = 3F45B87E2B67C022001D5A01 /* FirebaseDatabase */; };
		3F45B8812B67C022001D5A01 /* FirebaseDatabaseSwift in Frameworks */ = {isa = PBXBuildFile; productRef = 3F45B8802B67C022001D5A01 /* FirebaseDatabaseSwift */; };
		3F45B8832B67C022001D5A01 /* FirebaseDynamicLinks in Frameworks */ = {isa = PBXBuildFile; productRef = 3F45B8822B67C022001D5A01 /* FirebaseDynamicLinks */; };
		3F45B8852B67C022001D5A01 /* FirebaseFirestore in Frameworks */ = {isa = PBXBuildFile; productRef = 3F45B8842B67C022001D5A01 /* FirebaseFirestore */; };
		3F45B8872B67C13B001D5A01 /* GoogleService-Info.plist in Resources */ = {isa = PBXBuildFile; fileRef = 3F45B8862B67C13B001D5A01 /* GoogleService-Info.plist */; };
		3F7ED0EE2B5FFDEA00CDD4A4 /* QuizWizApp.swift in Sources */ = {isa = PBXBuildFile; fileRef = 3F7ED0ED2B5FFDEA00CDD4A4 /* QuizWizApp.swift */; };
		3F7ED0F02B5FFDEA00CDD4A4 /* ContentView.swift in Sources */ = {isa = PBXBuildFile; fileRef = 3F7ED0EF2B5FFDEA00CDD4A4 /* ContentView.swift */; };
		3F7ED0F22B5FFDED00CDD4A4 /* Assets.xcassets in Resources */ = {isa = PBXBuildFile; fileRef = 3F7ED0F12B5FFDED00CDD4A4 /* Assets.xcassets */; };
		3F7ED0F52B5FFDED00CDD4A4 /* Preview Assets.xcassets in Resources */ = {isa = PBXBuildFile; fileRef = 3F7ED0F42B5FFDED00CDD4A4 /* Preview Assets.xcassets */; };
/* End PBXBuildFile section */

/* Begin PBXFileReference section */
		3F31F9402B76337000DCBFAD /* UserView.swift */ = {isa = PBXFileReference; lastKnownFileType = sourcecode.swift; path = UserView.swift; sourceTree = "<group>"; };
		3F31F9422B76343F00DCBFAD /* HomeView.swift */ = {isa = PBXFileReference; lastKnownFileType = sourcecode.swift; path = HomeView.swift; sourceTree = "<group>"; };
		3F31F9442B76510B00DCBFAD /* ChangePassView.swift */ = {isa = PBXFileReference; lastKnownFileType = sourcecode.swift; path = ChangePassView.swift; sourceTree = "<group>"; };
		3F31F9462B7667AF00DCBFAD /* DailyQuizView.swift */ = {isa = PBXFileReference; lastKnownFileType = sourcecode.swift; path = DailyQuizView.swift; sourceTree = "<group>"; };
		3F31F9482B7669D400DCBFAD /* QuestionView.swift */ = {isa = PBXFileReference; lastKnownFileType = sourcecode.swift; path = QuestionView.swift; sourceTree = "<group>"; };
		3F31F94C2B766A4B00DCBFAD /* ResultView.swift */ = {isa = PBXFileReference; lastKnownFileType = sourcecode.swift; path = ResultView.swift; sourceTree = "<group>"; };
		3F31F94E2B766AF500DCBFAD /* Question.swift */ = {isa = PBXFileReference; lastKnownFileType = sourcecode.swift; path = Question.swift; sourceTree = "<group>"; };
		3F31F9502B76726600DCBFAD /* DQ2View.swift */ = {isa = PBXFileReference; lastKnownFileType = sourcecode.swift; path = DQ2View.swift; sourceTree = "<group>"; };
		3F31F9522B76727200DCBFAD /* DQ3View.swift */ = {isa = PBXFileReference; lastKnownFileType = sourcecode.swift; path = DQ3View.swift; sourceTree = "<group>"; };
		3F31F9542B76728400DCBFAD /* DQ4View.swift */ = {isa = PBXFileReference; lastKnownFileType = sourcecode.swift; path = DQ4View.swift; sourceTree = "<group>"; };
		3F31F9562B76729100DCBFAD /* DQ5View.swift */ = {isa = PBXFileReference; lastKnownFileType = sourcecode.swift; path = DQ5View.swift; sourceTree = "<group>"; };
		3F45B8652B67A4F9001D5A01 /* SignInView.swift */ = {isa = PBXFileReference; lastKnownFileType = sourcecode.swift; path = SignInView.swift; sourceTree = "<group>"; };
		3F45B8672B67A512001D5A01 /* SignUpView.swift */ = {isa = PBXFileReference; lastKnownFileType = sourcecode.swift; path = SignUpView.swift; sourceTree = "<group>"; };
		3F45B8692B67B8E4001D5A01 /* MainView.swift */ = {isa = PBXFileReference; lastKnownFileType = sourcecode.swift; path = MainView.swift; sourceTree = "<group>"; };
		3F45B8862B67C13B001D5A01 /* GoogleService-Info.plist */ = {isa = PBXFileReference; fileEncoding = 4; lastKnownFileType = text.plist.xml; name = "GoogleService-Info.plist"; path = "../../../../Downloads/GoogleService-Info.plist"; sourceTree = "<group>"; };
		3F7ED0EA2B5FFDEA00CDD4A4 /* QuizWiz.app */ = {isa = PBXFileReference; explicitFileType = wrapper.application; includeInIndex = 0; path = QuizWiz.app; sourceTree = BUILT_PRODUCTS_DIR; };
		3F7ED0ED2B5FFDEA00CDD4A4 /* QuizWizApp.swift */ = {isa = PBXFileReference; lastKnownFileType = sourcecode.swift; path = QuizWizApp.swift; sourceTree = "<group>"; };
		3F7ED0EF2B5FFDEA00CDD4A4 /* ContentView.swift */ = {isa = PBXFileReference; lastKnownFileType = sourcecode.swift; path = ContentView.swift; sourceTree = "<group>"; };
		3F7ED0F12B5FFDED00CDD4A4 /* Assets.xcassets */ = {isa = PBXFileReference; lastKnownFileType = folder.assetcatalog; path = Assets.xcassets; sourceTree = "<group>"; };
		3F7ED0F42B5FFDED00CDD4A4 /* Preview Assets.xcassets */ = {isa = PBXFileReference; lastKnownFileType = folder.assetcatalog; path = "Preview Assets.xcassets"; sourceTree = "<group>"; };
/* End PBXFileReference section */

/* Begin PBXFrameworksBuildPhase section */
		3F7ED0E72B5FFDEA00CDD4A4 /* Frameworks */ = {
			isa = PBXFrameworksBuildPhase;
			buildActionMask = 2147483647;
			files = (
				3F45B87F2B67C022001D5A01 /* FirebaseDatabase in Frameworks */,
				3F45B8852B67C022001D5A01 /* FirebaseFirestore in Frameworks */,
				3F45B8712B67C022001D5A01 /* FirebaseAnalyticsSwift in Frameworks */,
				3F45B86D2B67C022001D5A01 /* FirebaseAnalytics in Frameworks */,
				3F45B86F2B67C022001D5A01 /* FirebaseAnalyticsOnDeviceConversion in Frameworks */,
				3F45B8752B67C022001D5A01 /* FirebaseAppCheck in Frameworks */,
				3F45B8732B67C022001D5A01 /* FirebaseAnalyticsWithoutAdIdSupport in Frameworks */,
				3F45B8792B67C022001D5A01 /* FirebaseAuth in Frameworks */,
				3F45B87D2B67C022001D5A01 /* FirebaseCrashlytics in Frameworks */,
				3F45B8812B67C022001D5A01 /* FirebaseDatabaseSwift in Frameworks */,
				3F45B8772B67C022001D5A01 /* FirebaseAppDistribution-Beta in Frameworks */,
				3F45B87B2B67C022001D5A01 /* FirebaseAuthCombine-Community in Frameworks */,
				3F45B8832B67C022001D5A01 /* FirebaseDynamicLinks in Frameworks */,
			);
			runOnlyForDeploymentPostprocessing = 0;
		};
/* End PBXFrameworksBuildPhase section */

/* Begin PBXGroup section */
		3F7ED0E12B5FFDEA00CDD4A4 = {
			isa = PBXGroup;
			children = (
				3F7ED0EC2B5FFDEA00CDD4A4 /* QuizWiz */,
				3F7ED0EB2B5FFDEA00CDD4A4 /* Products */,
			);
			sourceTree = "<group>";
		};
		3F7ED0EB2B5FFDEA00CDD4A4 /* Products */ = {
			isa = PBXGroup;
			children = (
				3F7ED0EA2B5FFDEA00CDD4A4 /* QuizWiz.app */,
			);
			name = Products;
			sourceTree = "<group>";
		};
		3F7ED0EC2B5FFDEA00CDD4A4 /* QuizWiz */ = {
			isa = PBXGroup;
			children = (
				3F7ED0ED2B5FFDEA00CDD4A4 /* QuizWizApp.swift */,
				3F7ED0EF2B5FFDEA00CDD4A4 /* ContentView.swift */,
				3F45B8672B67A512001D5A01 /* SignUpView.swift */,
				3F45B8652B67A4F9001D5A01 /* SignInView.swift */,
				3F45B8692B67B8E4001D5A01 /* MainView.swift */,
				3F31F9402B76337000DCBFAD /* UserView.swift */,
				3F31F9422B76343F00DCBFAD /* HomeView.swift */,
				3F31F9442B76510B00DCBFAD /* ChangePassView.swift */,
				3F31F9462B7667AF00DCBFAD /* DailyQuizView.swift */,
				3F31F9482B7669D400DCBFAD /* QuestionView.swift */,
				3F45B8862B67C13B001D5A01 /* GoogleService-Info.plist */,
				3F7ED0F12B5FFDED00CDD4A4 /* Assets.xcassets */,
				3F7ED0F32B5FFDED00CDD4A4 /* Preview Content */,
				3F31F94C2B766A4B00DCBFAD /* ResultView.swift */,
				3F31F94E2B766AF500DCBFAD /* Question.swift */,
				3F31F9502B76726600DCBFAD /* DQ2View.swift */,
				3F31F9522B76727200DCBFAD /* DQ3View.swift */,
				3F31F9542B76728400DCBFAD /* DQ4View.swift */,
				3F31F9562B76729100DCBFAD /* DQ5View.swift */,
			);
			path = QuizWiz;
			sourceTree = "<group>";
		};
		3F7ED0F32B5FFDED00CDD4A4 /* Preview Content */ = {
			isa = PBXGroup;
			children = (
				3F7ED0F42B5FFDED00CDD4A4 /* Preview Assets.xcassets */,
			);
			path = "Preview Content";
			sourceTree = "<group>";
		};
/* End PBXGroup section */

/* Begin PBXNativeTarget section */
		3F7ED0E92B5FFDEA00CDD4A4 /* QuizWiz */ = {
			isa = PBXNativeTarget;
			buildConfigurationList = 3F7ED0F82B5FFDED00CDD4A4 /* Build configuration list for PBXNativeTarget "QuizWiz" */;
			buildPhases = (
				3F7ED0E62B5FFDEA00CDD4A4 /* Sources */,
				3F7ED0E72B5FFDEA00CDD4A4 /* Frameworks */,
				3F7ED0E82B5FFDEA00CDD4A4 /* Resources */,
			);
			buildRules = (
			);
			dependencies = (
			);
			name = QuizWiz;
			packageProductDependencies = (
				3F45B86C2B67C022001D5A01 /* FirebaseAnalytics */,
				3F45B86E2B67C022001D5A01 /* FirebaseAnalyticsOnDeviceConversion */,
				3F45B8702B67C022001D5A01 /* FirebaseAnalyticsSwift */,
				3F45B8722B67C022001D5A01 /* FirebaseAnalyticsWithoutAdIdSupport */,
				3F45B8742B67C022001D5A01 /* FirebaseAppCheck */,
				3F45B8762B67C022001D5A01 /* FirebaseAppDistribution-Beta */,
				3F45B8782B67C022001D5A01 /* FirebaseAuth */,
				3F45B87A2B67C022001D5A01 /* FirebaseAuthCombine-Community */,
				3F45B87C2B67C022001D5A01 /* FirebaseCrashlytics */,
				3F45B87E2B67C022001D5A01 /* FirebaseDatabase */,
				3F45B8802B67C022001D5A01 /* FirebaseDatabaseSwift */,
				3F45B8822B67C022001D5A01 /* FirebaseDynamicLinks */,
				3F45B8842B67C022001D5A01 /* FirebaseFirestore */,
			);
			productName = QuizWiz;
			productReference = 3F7ED0EA2B5FFDEA00CDD4A4 /* QuizWiz.app */;
			productType = "com.apple.product-type.application";
		};
/* End PBXNativeTarget section */

/* Begin PBXProject section */
		3F7ED0E22B5FFDEA00CDD4A4 /* Project object */ = {
			isa = PBXProject;
			attributes = {
				BuildIndependentTargetsInParallel = 1;
				LastSwiftUpdateCheck = 1520;
				LastUpgradeCheck = 1520;
				TargetAttributes = {
					3F7ED0E92B5FFDEA00CDD4A4 = {
						CreatedOnToolsVersion = 15.2;
					};
				};
			};
			buildConfigurationList = 3F7ED0E52B5FFDEA00CDD4A4 /* Build configuration list for PBXProject "QuizWiz" */;
			compatibilityVersion = "Xcode 14.0";
			developmentRegion = en;
			hasScannedForEncodings = 0;
			knownRegions = (
				en,
				Base,
			);
			mainGroup = 3F7ED0E12B5FFDEA00CDD4A4;
			packageReferences = (
				3F45B86B2B67C022001D5A01 /* XCRemoteSwiftPackageReference "firebase-ios-sdk" */,
			);
			productRefGroup = 3F7ED0EB2B5FFDEA00CDD4A4 /* Products */;
			projectDirPath = "";
			projectRoot = "";
			targets = (
				3F7ED0E92B5FFDEA00CDD4A4 /* QuizWiz */,
			);
		};
/* End PBXProject section */

/* Begin PBXResourcesBuildPhase section */
		3F7ED0E82B5FFDEA00CDD4A4 /* Resources */ = {
			isa = PBXResourcesBuildPhase;
			buildActionMask = 2147483647;
			files = (
				3F7ED0F52B5FFDED00CDD4A4 /* Preview Assets.xcassets in Resources */,
				3F7ED0F22B5FFDED00CDD4A4 /* Assets.xcassets in Resources */,
				3F45B8872B67C13B001D5A01 /* GoogleService-Info.plist in Resources */,
			);
			runOnlyForDeploymentPostprocessing = 0;
		};
/* End PBXResourcesBuildPhase section */

/* Begin PBXSourcesBuildPhase section */
		3F7ED0E62B5FFDEA00CDD4A4 /* Sources */ = {
			isa = PBXSourcesBuildPhase;
			buildActionMask = 2147483647;
			files = (
				3F31F9492B7669D500DCBFAD /* QuestionView.swift in Sources */,
				3F45B8682B67A512001D5A01 /* SignUpView.swift in Sources */,
				3F31F9512B76726600DCBFAD /* DQ2View.swift in Sources */,
				3F31F94D2B766A4B00DCBFAD /* ResultView.swift in Sources */,
				3F31F9432B76343F00DCBFAD /* HomeView.swift in Sources */,
				3F31F9412B76337000DCBFAD /* UserView.swift in Sources */,
				3F45B8662B67A4F9001D5A01 /* SignInView.swift in Sources */,
				3F7ED0F02B5FFDEA00CDD4A4 /* ContentView.swift in Sources */,
				3F45B86A2B67B8E4001D5A01 /* MainView.swift in Sources */,
				3F31F9532B76727200DCBFAD /* DQ3View.swift in Sources */,
				3F7ED0EE2B5FFDEA00CDD4A4 /* QuizWizApp.swift in Sources */,
				3F31F9552B76728500DCBFAD /* DQ4View.swift in Sources */,
				3F31F94F2B766AF500DCBFAD /* Question.swift in Sources */,
				3F31F9572B76729100DCBFAD /* DQ5View.swift in Sources */,
				3F31F9472B7667AF00DCBFAD /* DailyQuizView.swift in Sources */,
				3F31F9452B76510B00DCBFAD /* ChangePassView.swift in Sources */,
			);
			runOnlyForDeploymentPostprocessing = 0;
		};
/* End PBXSourcesBuildPhase section */

/* Begin XCBuildConfiguration section */
		3F7ED0F62B5FFDED00CDD4A4 /* Debug */ = {
			isa = XCBuildConfiguration;
			buildSettings = {
				ALWAYS_SEARCH_USER_PATHS = NO;
				ASSETCATALOG_COMPILER_GENERATE_SWIFT_ASSET_SYMBOL_EXTENSIONS = YES;
				CLANG_ANALYZER_NONNULL = YES;
				CLANG_ANALYZER_NUMBER_OBJECT_CONVERSION = YES_AGGRESSIVE;
				CLANG_CXX_LANGUAGE_STANDARD = "gnu++20";
				CLANG_ENABLE_MODULES = YES;
				CLANG_ENABLE_OBJC_ARC = YES;
				CLANG_ENABLE_OBJC_WEAK = YES;
				CLANG_WARN_BLOCK_CAPTURE_AUTORELEASING = YES;
				CLANG_WARN_BOOL_CONVERSION = YES;
				CLANG_WARN_COMMA = YES;
				CLANG_WARN_CONSTANT_CONVERSION = YES;
				CLANG_WARN_DEPRECATED_OBJC_IMPLEMENTATIONS = YES;
				CLANG_WARN_DIRECT_OBJC_ISA_USAGE = YES_ERROR;
				CLANG_WARN_DOCUMENTATION_COMMENTS = YES;
				CLANG_WARN_EMPTY_BODY = YES;
				CLANG_WARN_ENUM_CONVERSION = YES;
				CLANG_WARN_INFINITE_RECURSION = YES;
				CLANG_WARN_INT_CONVERSION = YES;
				CLANG_WARN_NON_LITERAL_NULL_CONVERSION = YES;
				CLANG_WARN_OBJC_IMPLICIT_RETAIN_SELF = YES;
				CLANG_WARN_OBJC_LITERAL_CONVERSION = YES;
				CLANG_WARN_OBJC_ROOT_CLASS = YES_ERROR;
				CLANG_WARN_QUOTED_INCLUDE_IN_FRAMEWORK_HEADER = YES;
				CLANG_WARN_RANGE_LOOP_ANALYSIS = YES;
				CLANG_WARN_STRICT_PROTOTYPES = YES;
				CLANG_WARN_SUSPICIOUS_MOVE = YES;
				CLANG_WARN_UNGUARDED_AVAILABILITY = YES_AGGRESSIVE;
				CLANG_WARN_UNREACHABLE_CODE = YES;
				CLANG_WARN__DUPLICATE_METHOD_MATCH = YES;
				COPY_PHASE_STRIP = NO;
				DEBUG_INFORMATION_FORMAT = dwarf;
				ENABLE_STRICT_OBJC_MSGSEND = YES;
				ENABLE_TESTABILITY = YES;
				ENABLE_USER_SCRIPT_SANDBOXING = YES;
				GCC_C_LANGUAGE_STANDARD = gnu17;
				GCC_DYNAMIC_NO_PIC = NO;
				GCC_NO_COMMON_BLOCKS = YES;
				GCC_OPTIMIZATION_LEVEL = 0;
				GCC_PREPROCESSOR_DEFINITIONS = (
					"DEBUG=1",
					"$(inherited)",
				);
				GCC_WARN_64_TO_32_BIT_CONVERSION = YES;
				GCC_WARN_ABOUT_RETURN_TYPE = YES_ERROR;
				GCC_WARN_UNDECLARED_SELECTOR = YES;
				GCC_WARN_UNINITIALIZED_AUTOS = YES_AGGRESSIVE;
				GCC_WARN_UNUSED_FUNCTION = YES;
				GCC_WARN_UNUSED_VARIABLE = YES;
				IPHONEOS_DEPLOYMENT_TARGET = 17.2;
				LOCALIZATION_PREFERS_STRING_CATALOGS = YES;
				MTL_ENABLE_DEBUG_INFO = INCLUDE_SOURCE;
				MTL_FAST_MATH = YES;
				ONLY_ACTIVE_ARCH = YES;
				SDKROOT = iphoneos;
				SWIFT_ACTIVE_COMPILATION_CONDITIONS = "DEBUG $(inherited)";
				SWIFT_OPTIMIZATION_LEVEL = "-Onone";
			};
			name = Debug;
		};
		3F7ED0F72B5FFDED00CDD4A4 /* Release */ = {
			isa = XCBuildConfiguration;
			buildSettings = {
				ALWAYS_SEARCH_USER_PATHS = NO;
				ASSETCATALOG_COMPILER_GENERATE_SWIFT_ASSET_SYMBOL_EXTENSIONS = YES;
				CLANG_ANALYZER_NONNULL = YES;
				CLANG_ANALYZER_NUMBER_OBJECT_CONVERSION = YES_AGGRESSIVE;
				CLANG_CXX_LANGUAGE_STANDARD = "gnu++20";
				CLANG_ENABLE_MODULES = YES;
				CLANG_ENABLE_OBJC_ARC = YES;
				CLANG_ENABLE_OBJC_WEAK = YES;
				CLANG_WARN_BLOCK_CAPTURE_AUTORELEASING = YES;
				CLANG_WARN_BOOL_CONVERSION = YES;
				CLANG_WARN_COMMA = YES;
				CLANG_WARN_CONSTANT_CONVERSION = YES;
				CLANG_WARN_DEPRECATED_OBJC_IMPLEMENTATIONS = YES;
				CLANG_WARN_DIRECT_OBJC_ISA_USAGE = YES_ERROR;
				CLANG_WARN_DOCUMENTATION_COMMENTS = YES;
				CLANG_WARN_EMPTY_BODY = YES;
				CLANG_WARN_ENUM_CONVERSION = YES;
				CLANG_WARN_INFINITE_RECURSION = YES;
				CLANG_WARN_INT_CONVERSION = YES;
				CLANG_WARN_NON_LITERAL_NULL_CONVERSION = YES;
				CLANG_WARN_OBJC_IMPLICIT_RETAIN_SELF = YES;
				CLANG_WARN_OBJC_LITERAL_CONVERSION = YES;
				CLANG_WARN_OBJC_ROOT_CLASS = YES_ERROR;
				CLANG_WARN_QUOTED_INCLUDE_IN_FRAMEWORK_HEADER = YES;
				CLANG_WARN_RANGE_LOOP_ANALYSIS = YES;
				CLANG_WARN_STRICT_PROTOTYPES = YES;
				CLANG_WARN_SUSPICIOUS_MOVE = YES;
				CLANG_WARN_UNGUARDED_AVAILABILITY = YES_AGGRESSIVE;
				CLANG_WARN_UNREACHABLE_CODE = YES;
				CLANG_WARN__DUPLICATE_METHOD_MATCH = YES;
				COPY_PHASE_STRIP = NO;
				DEBUG_INFORMATION_FORMAT = "dwarf-with-dsym";
				ENABLE_NS_ASSERTIONS = NO;
				ENABLE_STRICT_OBJC_MSGSEND = YES;
				ENABLE_USER_SCRIPT_SANDBOXING = YES;
				GCC_C_LANGUAGE_STANDARD = gnu17;
				GCC_NO_COMMON_BLOCKS = YES;
				GCC_WARN_64_TO_32_BIT_CONVERSION = YES;
				GCC_WARN_ABOUT_RETURN_TYPE = YES_ERROR;
				GCC_WARN_UNDECLARED_SELECTOR = YES;
				GCC_WARN_UNINITIALIZED_AUTOS = YES_AGGRESSIVE;
				GCC_WARN_UNUSED_FUNCTION = YES;
				GCC_WARN_UNUSED_VARIABLE = YES;
				IPHONEOS_DEPLOYMENT_TARGET = 17.2;
				LOCALIZATION_PREFERS_STRING_CATALOGS = YES;
				MTL_ENABLE_DEBUG_INFO = NO;
				MTL_FAST_MATH = YES;
				SDKROOT = iphoneos;
				SWIFT_COMPILATION_MODE = wholemodule;
				VALIDATE_PRODUCT = YES;
			};
			name = Release;
		};
		3F7ED0F92B5FFDED00CDD4A4 /* Debug */ = {
			isa = XCBuildConfiguration;
			buildSettings = {
				ASSETCATALOG_COMPILER_APPICON_NAME = AppIcon;
				ASSETCATALOG_COMPILER_GLOBAL_ACCENT_COLOR_NAME = AccentColor;
				CODE_SIGN_STYLE = Automatic;
				CURRENT_PROJECT_VERSION = 1;
				DEVELOPMENT_ASSET_PATHS = "\"QuizWiz/Preview Content\"";
				ENABLE_PREVIEWS = YES;
				GENERATE_INFOPLIST_FILE = YES;
				INFOPLIST_KEY_UIApplicationSceneManifest_Generation = YES;
				INFOPLIST_KEY_UIApplicationSupportsIndirectInputEvents = YES;
				INFOPLIST_KEY_UILaunchScreen_Generation = YES;
				INFOPLIST_KEY_UISupportedInterfaceOrientations_iPad = "UIInterfaceOrientationPortrait UIInterfaceOrientationPortraitUpsideDown UIInterfaceOrientationLandscapeLeft UIInterfaceOrientationLandscapeRight";
				INFOPLIST_KEY_UISupportedInterfaceOrientations_iPhone = "UIInterfaceOrientationPortrait UIInterfaceOrientationLandscapeLeft UIInterfaceOrientationLandscapeRight";
				LD_RUNPATH_SEARCH_PATHS = (
					"$(inherited)",
					"@executable_path/Frameworks",
				);
				MARKETING_VERSION = 1.0;
				PRODUCT_BUNDLE_IDENTIFIER = com.ferit.QuizWiz;
				PRODUCT_NAME = "$(TARGET_NAME)";
				SWIFT_EMIT_LOC_STRINGS = YES;
				SWIFT_VERSION = 5.0;
				TARGETED_DEVICE_FAMILY = "1,2";
			};
			name = Debug;
		};
		3F7ED0FA2B5FFDED00CDD4A4 /* Release */ = {
			isa = XCBuildConfiguration;
			buildSettings = {
				ASSETCATALOG_COMPILER_APPICON_NAME = AppIcon;
				ASSETCATALOG_COMPILER_GLOBAL_ACCENT_COLOR_NAME = AccentColor;
				CODE_SIGN_STYLE = Automatic;
				CURRENT_PROJECT_VERSION = 1;
				DEVELOPMENT_ASSET_PATHS = "\"QuizWiz/Preview Content\"";
				ENABLE_PREVIEWS = YES;
				GENERATE_INFOPLIST_FILE = YES;
				INFOPLIST_KEY_UIApplicationSceneManifest_Generation = YES;
				INFOPLIST_KEY_UIApplicationSupportsIndirectInputEvents = YES;
				INFOPLIST_KEY_UILaunchScreen_Generation = YES;
				INFOPLIST_KEY_UISupportedInterfaceOrientations_iPad = "UIInterfaceOrientationPortrait UIInterfaceOrientationPortraitUpsideDown UIInterfaceOrientationLandscapeLeft UIInterfaceOrientationLandscapeRight";
				INFOPLIST_KEY_UISupportedInterfaceOrientations_iPhone = "UIInterfaceOrientationPortrait UIInterfaceOrientationLandscapeLeft UIInterfaceOrientationLandscapeRight";
				LD_RUNPATH_SEARCH_PATHS = (
					"$(inherited)",
					"@executable_path/Frameworks",
				);
				MARKETING_VERSION = 1.0;
				PRODUCT_BUNDLE_IDENTIFIER = com.ferit.QuizWiz;
				PRODUCT_NAME = "$(TARGET_NAME)";
				SWIFT_EMIT_LOC_STRINGS = YES;
				SWIFT_VERSION = 5.0;
				TARGETED_DEVICE_FAMILY = "1,2";
			};
			name = Release;
		};
/* End XCBuildConfiguration section */

/* Begin XCConfigurationList section */
		3F7ED0E52B5FFDEA00CDD4A4 /* Build configuration list for PBXProject "QuizWiz" */ = {
			isa = XCConfigurationList;
			buildConfigurations = (
				3F7ED0F62B5FFDED00CDD4A4 /* Debug */,
				3F7ED0F72B5FFDED00CDD4A4 /* Release */,
			);
			defaultConfigurationIsVisible = 0;
			defaultConfigurationName = Release;
		};
		3F7ED0F82B5FFDED00CDD4A4 /* Build configuration list for PBXNativeTarget "QuizWiz" */ = {
			isa = XCConfigurationList;
			buildConfigurations = (
				3F7ED0F92B5FFDED00CDD4A4 /* Debug */,
				3F7ED0FA2B5FFDED00CDD4A4 /* Release */,
			);
			defaultConfigurationIsVisible = 0;
			defaultConfigurationName = Release;
		};
/* End XCConfigurationList section */

/* Begin XCRemoteSwiftPackageReference section */
		3F45B86B2B67C022001D5A01 /* XCRemoteSwiftPackageReference "firebase-ios-sdk" */ = {
			isa = XCRemoteSwiftPackageReference;
			repositoryURL = "https://github.com/firebase/firebase-ios-sdk.git";
			requirement = {
				kind = upToNextMajorVersion;
				minimumVersion = 10.20.0;
			};
		};
/* End XCRemoteSwiftPackageReference section */

/* Begin XCSwiftPackageProductDependency section */
		3F45B86C2B67C022001D5A01 /* FirebaseAnalytics */ = {
			isa = XCSwiftPackageProductDependency;
			package = 3F45B86B2B67C022001D5A01 /* XCRemoteSwiftPackageReference "firebase-ios-sdk" */;
			productName = FirebaseAnalytics;
		};
		3F45B86E2B67C022001D5A01 /* FirebaseAnalyticsOnDeviceConversion */ = {
			isa = XCSwiftPackageProductDependency;
			package = 3F45B86B2B67C022001D5A01 /* XCRemoteSwiftPackageReference "firebase-ios-sdk" */;
			productName = FirebaseAnalyticsOnDeviceConversion;
		};
		3F45B8702B67C022001D5A01 /* FirebaseAnalyticsSwift */ = {
			isa = XCSwiftPackageProductDependency;
			package = 3F45B86B2B67C022001D5A01 /* XCRemoteSwiftPackageReference "firebase-ios-sdk" */;
			productName = FirebaseAnalyticsSwift;
		};
		3F45B8722B67C022001D5A01 /* FirebaseAnalyticsWithoutAdIdSupport */ = {
			isa = XCSwiftPackageProductDependency;
			package = 3F45B86B2B67C022001D5A01 /* XCRemoteSwiftPackageReference "firebase-ios-sdk" */;
			productName = FirebaseAnalyticsWithoutAdIdSupport;
		};
		3F45B8742B67C022001D5A01 /* FirebaseAppCheck */ = {
			isa = XCSwiftPackageProductDependency;
			package = 3F45B86B2B67C022001D5A01 /* XCRemoteSwiftPackageReference "firebase-ios-sdk" */;
			productName = FirebaseAppCheck;
		};
		3F45B8762B67C022001D5A01 /* FirebaseAppDistribution-Beta */ = {
			isa = XCSwiftPackageProductDependency;
			package = 3F45B86B2B67C022001D5A01 /* XCRemoteSwiftPackageReference "firebase-ios-sdk" */;
			productName = "FirebaseAppDistribution-Beta";
		};
		3F45B8782B67C022001D5A01 /* FirebaseAuth */ = {
			isa = XCSwiftPackageProductDependency;
			package = 3F45B86B2B67C022001D5A01 /* XCRemoteSwiftPackageReference "firebase-ios-sdk" */;
			productName = FirebaseAuth;
		};
		3F45B87A2B67C022001D5A01 /* FirebaseAuthCombine-Community */ = {
			isa = XCSwiftPackageProductDependency;
			package = 3F45B86B2B67C022001D5A01 /* XCRemoteSwiftPackageReference "firebase-ios-sdk" */;
			productName = "FirebaseAuthCombine-Community";
		};
		3F45B87C2B67C022001D5A01 /* FirebaseCrashlytics */ = {
			isa = XCSwiftPackageProductDependency;
			package = 3F45B86B2B67C022001D5A01 /* XCRemoteSwiftPackageReference "firebase-ios-sdk" */;
			productName = FirebaseCrashlytics;
		};
		3F45B87E2B67C022001D5A01 /* FirebaseDatabase */ = {
			isa = XCSwiftPackageProductDependency;
			package = 3F45B86B2B67C022001D5A01 /* XCRemoteSwiftPackageReference "firebase-ios-sdk" */;
			productName = FirebaseDatabase;
		};
		3F45B8802B67C022001D5A01 /* FirebaseDatabaseSwift */ = {
			isa = XCSwiftPackageProductDependency;
			package = 3F45B86B2B67C022001D5A01 /* XCRemoteSwiftPackageReference "firebase-ios-sdk" */;
			productName = FirebaseDatabaseSwift;
		};
		3F45B8822B67C022001D5A01 /* FirebaseDynamicLinks */ = {
			isa = XCSwiftPackageProductDependency;
			package = 3F45B86B2B67C022001D5A01 /* XCRemoteSwiftPackageReference "firebase-ios-sdk" */;
			productName = FirebaseDynamicLinks;
		};
		3F45B8842B67C022001D5A01 /* FirebaseFirestore */ = {
			isa = XCSwiftPackageProductDependency;
			package = 3F45B86B2B67C022001D5A01 /* XCRemoteSwiftPackageReference "firebase-ios-sdk" */;
			productName = FirebaseFirestore;
		};
/* End XCSwiftPackageProductDependency section */
	};
	rootObject = 3F7ED0E22B5FFDEA00CDD4A4 /* Project object */;
}
